
Microsoft Visual Studio Solution File, Format Version 12.00
# Visual Studio 15
VisualStudioVersion = 15.0.26730.15
MinimumVisualStudioVersion = 10.0.40219.1
Project("{FAE04EC0-301F-11D3-BF4B-00C04F79EFBC}") = "AzureMongoDbOnion03", "AzureMongoDbOnion03\AzureMongoDbOnion03.csproj", "{B5E02CA6-E70A-49C6-8BC4-B4812A781BE6}"
EndProject
Global
	GlobalSection(SolutionConfigurationPlatforms) = preSolution
		Debug|Any CPU = Debug|Any CPU
		Release|Any CPU = Release|Any CPU
	EndGlobalSection
	GlobalSection(ProjectConfigurationPlatforms) = postSolution
		{B5E02CA6-E70A-49C6-8BC4-B4812A781BE6}.Debug|Any CPU.ActiveCfg = Debug|Any CPU
		{B5E02CA6-E70A-49C6-8BC4-B4812A781BE6}.Debug|Any CPU.Build.0 = Debug|Any CPU
		{B5E02CA6-E70A-49C6-8BC4-B4812A781BE6}.Release|Any CPU.ActiveCfg = Release|Any CPU
		{B5E02CA6-E70A-49C6-8BC4-B4812A781BE6}.Release|Any CPU.Build.0 = Release|Any CPU
	EndGlobalSection
	GlobalSection(SolutionProperties) = preSolution
		HideSolutionNode = FALSE
	EndGlobalSection
	GlobalSection(ExtensibilityGlobals) = postSolution
		SolutionGuid = {57C2D9E3-ED40-4B36-82E1-FCD37508FBC1}
	EndGlobalSection
EndGlobal
